
Microsoft Visual Studio Solution File, Format Version 12.00
# Visual Studio Version 16
VisualStudioVersion = 16.0.33328.57
MinimumVisualStudioVersion = 10.0.40219.1
Project("{FAE04EC0-301F-11D3-BF4B-00C04F79EFBC}") = "Method", "Method\Method.csproj", "{FCD1859F-E87C-43CB-9324-D22545E14D30}"
EndProject
Project("{FAE04EC0-301F-11D3-BF4B-00C04F79EFBC}") = "Return", "Return\Return.csproj", "{D0556269-A784-4FBF-93A4-43CC7F9174E2}"
EndProject
Project("{FAE04EC0-301F-11D3-BF4B-00C04F79EFBC}") = "SwapByValue", "SwapByValue\SwapByValue.csproj", "{465572B8-D316-4F3F-9D73-85F953719994}"
EndProject
Project("{FAE04EC0-301F-11D3-BF4B-00C04F79EFBC}") = "UsingOut", "UsingOut\UsingOut.csproj", "{21C7AF9C-3A34-45A7-919D-B95672AFDDB9}"
EndProject
Project("{FAE04EC0-301F-11D3-BF4B-00C04F79EFBC}") = "Overloading", "Overloading\Overloading.csproj", "{A408B42A-8141-44DE-9B03-0DD200A8049D}"
EndProject
Project("{FAE04EC0-301F-11D3-BF4B-00C04F79EFBC}") = "UsingParams-", "UsingParams-\UsingParams-.csproj", "{61CE32F0-9C55-4560-B698-6A13C27F9C6A}"
EndProject
Global
	GlobalSection(SolutionConfigurationPlatforms) = preSolution
		Debug|Any CPU = Debug|Any CPU
		Release|Any CPU = Release|Any CPU
	EndGlobalSection
	GlobalSection(ProjectConfigurationPlatforms) = postSolution
		{FCD1859F-E87C-43CB-9324-D22545E14D30}.Debug|Any CPU.ActiveCfg = Debug|Any CPU
		{FCD1859F-E87C-43CB-9324-D22545E14D30}.Debug|Any CPU.Build.0 = Debug|Any CPU
		{FCD1859F-E87C-43CB-9324-D22545E14D30}.Release|Any CPU.ActiveCfg = Release|Any CPU
		{FCD1859F-E87C-43CB-9324-D22545E14D30}.Release|Any CPU.Build.0 = Release|Any CPU
		{D0556269-A784-4FBF-93A4-43CC7F9174E2}.Debug|Any CPU.ActiveCfg = Debug|Any CPU
		{D0556269-A784-4FBF-93A4-43CC7F9174E2}.Debug|Any CPU.Build.0 = Debug|Any CPU
		{D0556269-A784-4FBF-93A4-43CC7F9174E2}.Release|Any CPU.ActiveCfg = Release|Any CPU
		{D0556269-A784-4FBF-93A4-43CC7F9174E2}.Release|Any CPU.Build.0 = Release|Any CPU
		{465572B8-D316-4F3F-9D73-85F953719994}.Debug|Any CPU.ActiveCfg = Debug|Any CPU
		{465572B8-D316-4F3F-9D73-85F953719994}.Debug|Any CPU.Build.0 = Debug|Any CPU
		{465572B8-D316-4F3F-9D73-85F953719994}.Release|Any CPU.ActiveCfg = Release|Any CPU
		{465572B8-D316-4F3F-9D73-85F953719994}.Release|Any CPU.Build.0 = Release|Any CPU
		{21C7AF9C-3A34-45A7-919D-B95672AFDDB9}.Debug|Any CPU.ActiveCfg = Debug|Any CPU
		{21C7AF9C-3A34-45A7-919D-B95672AFDDB9}.Debug|Any CPU.Build.0 = Debug|Any CPU
		{21C7AF9C-3A34-45A7-919D-B95672AFDDB9}.Release|Any CPU.ActiveCfg = Release|Any CPU
		{21C7AF9C-3A34-45A7-919D-B95672AFDDB9}.Release|Any CPU.Build.0 = Release|Any CPU
		{A408B42A-8141-44DE-9B03-0DD200A8049D}.Debug|Any CPU.ActiveCfg = Debug|Any CPU
		{A408B42A-8141-44DE-9B03-0DD200A8049D}.Debug|Any CPU.Build.0 = Debug|Any CPU
		{A408B42A-8141-44DE-9B03-0DD200A8049D}.Release|Any CPU.ActiveCfg = Release|Any CPU
		{A408B42A-8141-44DE-9B03-0DD200A8049D}.Release|Any CPU.Build.0 = Release|Any CPU
		{61CE32F0-9C55-4560-B698-6A13C27F9C6A}.Debug|Any CPU.ActiveCfg = Debug|Any CPU
		{61CE32F0-9C55-4560-B698-6A13C27F9C6A}.Debug|Any CPU.Build.0 = Debug|Any CPU
		{61CE32F0-9C55-4560-B698-6A13C27F9C6A}.Release|Any CPU.ActiveCfg = Release|Any CPU
		{61CE32F0-9C55-4560-B698-6A13C27F9C6A}.Release|Any CPU.Build.0 = Release|Any CPU
	EndGlobalSection
	GlobalSection(SolutionProperties) = preSolution
		HideSolutionNode = FALSE
	EndGlobalSection
	GlobalSection(ExtensibilityGlobals) = postSolution
		SolutionGuid = {5A9CC00D-514D-491B-8921-4C40EC095816}
	EndGlobalSection
EndGlobal
